// !$*UTF8*$!
{
	archiveVersion = 1;
	classes = {
	};
	objectVersion = 55;
	objects = {

/* Begin PBXBuildFile section */
		833D01232791F82F0003B178 /* ContantViewController.swift in Sources */ = {isa = PBXBuildFile; fileRef = 833D01222791F82F0003B178 /* ContantViewController.swift */; };
		833D01252791FAB80003B178 /* ContantTableViewCell.swift in Sources */ = {isa = PBXBuildFile; fileRef = 833D01242791FAB80003B178 /* ContantTableViewCell.swift */; };
		83AAB522278CCC5000232E0C /* AppDelegate.swift in Sources */ = {isa = PBXBuildFile; fileRef = 83AAB521278CCC5000232E0C /* AppDelegate.swift */; };
		83AAB524278CCC5000232E0C /* SceneDelegate.swift in Sources */ = {isa = PBXBuildFile; fileRef = 83AAB523278CCC5000232E0C /* SceneDelegate.swift */; };
		83AAB526278CCC5000232E0C /* ViewController.swift in Sources */ = {isa = PBXBuildFile; fileRef = 83AAB525278CCC5000232E0C /* ViewController.swift */; };
		83AAB529278CCC5000232E0C /* Main.storyboard in Resources */ = {isa = PBXBuildFile; fileRef = 83AAB527278CCC5000232E0C /* Main.storyboard */; };
		83AAB52B278CCC5100232E0C /* Assets.xcassets in Resources */ = {isa = PBXBuildFile; fileRef = 83AAB52A278CCC5100232E0C /* Assets.xcassets */; };
		83AAB52E278CCC5100232E0C /* LaunchScreen.storyboard in Resources */ = {isa = PBXBuildFile; fileRef = 83AAB52C278CCC5100232E0C /* LaunchScreen.storyboard */; };
		83AAB536278CCCF700232E0C /* Contants.swift in Sources */ = {isa = PBXBuildFile; fileRef = 83AAB535278CCCF700232E0C /* Contants.swift */; };
		83AAB53E278CCF1B00232E0C /* TableViewCell.swift in Sources */ = {isa = PBXBuildFile; fileRef = 83AAB53D278CCF1B00232E0C /* TableViewCell.swift */; };
		83AAB540278CD2A500232E0C /* Contact.swift in Sources */ = {isa = PBXBuildFile; fileRef = 83AAB53F278CD2A500232E0C /* Contact.swift */; };
/* End PBXBuildFile section */

/* Begin PBXFileReference section */
		833D01222791F82F0003B178 /* ContantViewController.swift */ = {isa = PBXFileReference; lastKnownFileType = sourcecode.swift; path = ContantViewController.swift; sourceTree = "<group>"; };
		833D01242791FAB80003B178 /* ContantTableViewCell.swift */ = {isa = PBXFileReference; lastKnownFileType = sourcecode.swift; path = ContantTableViewCell.swift; sourceTree = "<group>"; };
		83AAB51E278CCC5000232E0C /* Contacts.app */ = {isa = PBXFileReference; explicitFileType = wrapper.application; includeInIndex = 0; path = Contacts.app; sourceTree = BUILT_PRODUCTS_DIR; };
		83AAB521278CCC5000232E0C /* AppDelegate.swift */ = {isa = PBXFileReference; lastKnownFileType = sourcecode.swift; path = AppDelegate.swift; sourceTree = "<group>"; };
		83AAB523278CCC5000232E0C /* SceneDelegate.swift */ = {isa = PBXFileReference; lastKnownFileType = sourcecode.swift; path = SceneDelegate.swift; sourceTree = "<group>"; };
		83AAB525278CCC5000232E0C /* ViewController.swift */ = {isa = PBXFileReference; lastKnownFileType = sourcecode.swift; path = ViewController.swift; sourceTree = "<group>"; };
		83AAB528278CCC5000232E0C /* Base */ = {isa = PBXFileReference; lastKnownFileType = file.storyboard; name = Base; path = Base.lproj/Main.storyboard; sourceTree = "<group>"; };
		83AAB52A278CCC5100232E0C /* Assets.xcassets */ = {isa = PBXFileReference; lastKnownFileType = folder.assetcatalog; path = Assets.xcassets; sourceTree = "<group>"; };
		83AAB52D278CCC5100232E0C /* Base */ = {isa = PBXFileReference; lastKnownFileType = file.storyboard; name = Base; path = Base.lproj/LaunchScreen.storyboard; sourceTree = "<group>"; };
		83AAB52F278CCC5100232E0C /* Info.plist */ = {isa = PBXFileReference; lastKnownFileType = text.plist.xml; path = Info.plist; sourceTree = "<group>"; };
		83AAB535278CCCF700232E0C /* Contants.swift */ = {isa = PBXFileReference; lastKnownFileType = sourcecode.swift; path = Contants.swift; sourceTree = "<group>"; };
		83AAB53D278CCF1B00232E0C /* TableViewCell.swift */ = {isa = PBXFileReference; lastKnownFileType = sourcecode.swift; path = TableViewCell.swift; sourceTree = "<group>"; };
		83AAB53F278CD2A500232E0C /* Contact.swift */ = {isa = PBXFileReference; lastKnownFileType = sourcecode.swift; path = Contact.swift; sourceTree = "<group>"; };
/* End PBXFileReference section */

/* Begin PBXFrameworksBuildPhase section */
		83AAB51B278CCC5000232E0C /* Frameworks */ = {
			isa = PBXFrameworksBuildPhase;
			buildActionMask = 2147483647;
			files = (
			);
			runOnlyForDeploymentPostprocessing = 0;
		};
/* End PBXFrameworksBuildPhase section */

/* Begin PBXGroup section */
		83AAB515278CCC5000232E0C = {
			isa = PBXGroup;
			children = (
				83AAB520278CCC5000232E0C /* Contacts */,
				83AAB51F278CCC5000232E0C /* Products */,
			);
			sourceTree = "<group>";
		};
		83AAB51F278CCC5000232E0C /* Products */ = {
			isa = PBXGroup;
			children = (
				83AAB51E278CCC5000232E0C /* Contacts.app */,
			);
			name = Products;
			sourceTree = "<group>";
		};
		83AAB520278CCC5000232E0C /* Contacts */ = {
			isa = PBXGroup;
			children = (
				83AAB521278CCC5000232E0C /* AppDelegate.swift */,
				83AAB523278CCC5000232E0C /* SceneDelegate.swift */,
				83AAB53A278CCE0600232E0C /* Model */,
				83AAB537278CCD7300232E0C /* View */,
				83AAB53C278CCE1600232E0C /* Controller */,
				83AAB52A278CCC5100232E0C /* Assets.xcassets */,
				83AAB52C278CCC5100232E0C /* LaunchScreen.storyboard */,
				83AAB52F278CCC5100232E0C /* Info.plist */,
				83AAB535278CCCF700232E0C /* Contants.swift */,
			);
			path = Contacts;
			sourceTree = "<group>";
		};
		83AAB537278CCD7300232E0C /* View */ = {
			isa = PBXGroup;
			children = (
				83AAB527278CCC5000232E0C /* Main.storyboard */,
			);
			path = View;
			sourceTree = "<group>";
		};
		83AAB53A278CCE0600232E0C /* Model */ = {
			isa = PBXGroup;
			children = (
				83AAB53F278CD2A500232E0C /* Contact.swift */,
			);
			path = Model;
			sourceTree = "<group>";
		};
		83AAB53C278CCE1600232E0C /* Controller */ = {
			isa = PBXGroup;
			children = (
				83AAB525278CCC5000232E0C /* ViewController.swift */,
				83AAB53D278CCF1B00232E0C /* TableViewCell.swift */,
				833D01222791F82F0003B178 /* ContantViewController.swift */,
				833D01242791FAB80003B178 /* ContantTableViewCell.swift */,
			);
			path = Controller;
			sourceTree = "<group>";
		};
/* End PBXGroup section */

/* Begin PBXNativeTarget section */
		83AAB51D278CCC5000232E0C /* Contacts */ = {
			isa = PBXNativeTarget;
			buildConfigurationList = 83AAB532278CCC5100232E0C /* Build configuration list for PBXNativeTarget "Contacts" */;
			buildPhases = (
				83AAB51A278CCC5000232E0C /* Sources */,
				83AAB51B278CCC5000232E0C /* Frameworks */,
				83AAB51C278CCC5000232E0C /* Resources */,
			);
			buildRules = (
			);
			dependencies = (
			);
			name = Contacts;
			productName = Contacts;
			productReference = 83AAB51E278CCC5000232E0C /* Contacts.app */;
			productType = "com.apple.product-type.application";
		};
/* End PBXNativeTarget section */

/* Begin PBXProject section */
		83AAB516278CCC5000232E0C /* Project object */ = {
			isa = PBXProject;
			attributes = {
				BuildIndependentTargetsInParallel = 1;
				LastSwiftUpdateCheck = 1320;
				LastUpgradeCheck = 1320;
				TargetAttributes = {
					83AAB51D278CCC5000232E0C = {
						CreatedOnToolsVersion = 13.2.1;
					};
				};
			};
			buildConfigurationList = 83AAB519278CCC5000232E0C /* Build configuration list for PBXProject "Contacts" */;
			compatibilityVersion = "Xcode 13.0";
			developmentRegion = en;
			hasScannedForEncodings = 0;
			knownRegions = (
				en,
				Base,
			);
			mainGroup = 83AAB515278CCC5000232E0C;
			productRefGroup = 83AAB51F278CCC5000232E0C /* Products */;
			projectDirPath = "";
			projectRoot = "";
			targets = (
				83AAB51D278CCC5000232E0C /* Contacts */,
			);
		};
/* End PBXProject section */

/* Begin PBXResourcesBuildPhase section */
		83AAB51C278CCC5000232E0C /* Resources */ = {
			isa = PBXResourcesBuildPhase;
			buildActionMask = 2147483647;
			files = (
				83AAB52E278CCC5100232E0C /* LaunchScreen.storyboard in Resources */,
				83AAB52B278CCC5100232E0C /* Assets.xcassets in Resources */,
				83AAB529278CCC5000232E0C /* Main.storyboard in Resources */,
			);
			runOnlyForDeploymentPostprocessing = 0;
		};
/* End PBXResourcesBuildPhase section */

/* Begin PBXSourcesBuildPhase section */
		83AAB51A278CCC5000232E0C /* Sources */ = {
			isa = PBXSourcesBuildPhase;
			buildActionMask = 2147483647;
			files = (
				83AAB53E278CCF1B00232E0C /* TableViewCell.swift in Sources */,
				83AAB526278CCC5000232E0C /* ViewController.swift in Sources */,
				83AAB540278CD2A500232E0C /* Contact.swift in Sources */,
				83AAB522278CCC5000232E0C /* AppDelegate.swift in Sources */,
				833D01232791F82F0003B178 /* ContantViewController.swift in Sources */,
				83AAB524278CCC5000232E0C /* SceneDelegate.swift in Sources */,
				83AAB536278CCCF700232E0C /* Contants.swift in Sources */,
				833D01252791FAB80003B178 /* ContantTableViewCell.swift in Sources */,
			);
			runOnlyForDeploymentPostprocessing = 0;
		};
/* End PBXSourcesBuildPhase section */

/* Begin PBXVariantGroup section */
		83AAB527278CCC5000232E0C /* Main.storyboard */ = {
			isa = PBXVariantGroup;
			children = (
				83AAB528278CCC5000232E0C /* Base */,
			);
			name = Main.storyboard;
			sourceTree = "<group>";
		};
		83AAB52C278CCC5100232E0C /* LaunchScreen.storyboard */ = {
			isa = PBXVariantGroup;
			children = (
				83AAB52D278CCC5100232E0C /* Base */,
			);
			name = LaunchScreen.storyboard;
			sourceTree = "<group>";
		};
/* End PBXVariantGroup section */

/* Begin XCBuildConfiguration section */
		83AAB530278CCC5100232E0C /* Debug */ = {
			isa = XCBuildConfiguration;
			buildSettings = {
				ALWAYS_SEARCH_USER_PATHS = NO;
				CLANG_ANALYZER_NONNULL = YES;
				CLANG_ANALYZER_NUMBER_OBJECT_CONVERSION = YES_AGGRESSIVE;
				CLANG_CXX_LANGUAGE_STANDARD = "gnu++17";
				CLANG_CXX_LIBRARY = "libc++";
				CLANG_ENABLE_MODULES = YES;
				CLANG_ENABLE_OBJC_ARC = YES;
				CLANG_ENABLE_OBJC_WEAK = YES;
				CLANG_WARN_BLOCK_CAPTURE_AUTORELEASING = YES;
				CLANG_WARN_BOOL_CONVERSION = YES;
				CLANG_WARN_COMMA = YES;
				CLANG_WARN_CONSTANT_CONVERSION = YES;
				CLANG_WARN_DEPRECATED_OBJC_IMPLEMENTATIONS = YES;
				CLANG_WARN_DIRECT_OBJC_ISA_USAGE = YES_ERROR;
				CLANG_WARN_DOCUMENTATION_COMMENTS = YES;
				CLANG_WARN_EMPTY_BODY = YES;
				CLANG_WARN_ENUM_CONVERSION = YES;
				CLANG_WARN_INFINITE_RECURSION = YES;
				CLANG_WARN_INT_CONVERSION = YES;
				CLANG_WARN_NON_LITERAL_NULL_CONVERSION = YES;
				CLANG_WARN_OBJC_IMPLICIT_RETAIN_SELF = YES;
				CLANG_WARN_OBJC_LITERAL_CONVERSION = YES;
				CLANG_WARN_OBJC_ROOT_CLASS = YES_ERROR;
				CLANG_WARN_QUOTED_INCLUDE_IN_FRAMEWORK_HEADER = YES;
				CLANG_WARN_RANGE_LOOP_ANALYSIS = YES;
				CLANG_WARN_STRICT_PROTOTYPES = YES;
				CLANG_WARN_SUSPICIOUS_MOVE = YES;
				CLANG_WARN_UNGUARDED_AVAILABILITY = YES_AGGRESSIVE;
				CLANG_WARN_UNREACHABLE_CODE = YES;
				CLANG_WARN__DUPLICATE_METHOD_MATCH = YES;
				COPY_PHASE_STRIP = NO;
				DEBUG_INFORMATION_FORMAT = dwarf;
				ENABLE_STRICT_OBJC_MSGSEND = YES;
				ENABLE_TESTABILITY = YES;
				GCC_C_LANGUAGE_STANDARD = gnu11;
				GCC_DYNAMIC_NO_PIC = NO;
				GCC_NO_COMMON_BLOCKS = YES;
				GCC_OPTIMIZATION_LEVEL = 0;
				GCC_PREPROCESSOR_DEFINITIONS = (
					"DEBUG=1",
					"$(inherited)",
				);
				GCC_WARN_64_TO_32_BIT_CONVERSION = YES;
				GCC_WARN_ABOUT_RETURN_TYPE = YES_ERROR;
				GCC_WARN_UNDECLARED_SELECTOR = YES;
				GCC_WARN_UNINITIALIZED_AUTOS = YES_AGGRESSIVE;
				GCC_WARN_UNUSED_FUNCTION = YES;
				GCC_WARN_UNUSED_VARIABLE = YES;
				IPHONEOS_DEPLOYMENT_TARGET = 15.2;
				MTL_ENABLE_DEBUG_INFO = INCLUDE_SOURCE;
				MTL_FAST_MATH = YES;
				ONLY_ACTIVE_ARCH = YES;
				SDKROOT = iphoneos;
				SWIFT_ACTIVE_COMPILATION_CONDITIONS = DEBUG;
				SWIFT_OPTIMIZATION_LEVEL = "-Onone";
			};
			name = Debug;
		};
		83AAB531278CCC5100232E0C /* Release */ = {
			isa = XCBuildConfiguration;
			buildSettings = {
				ALWAYS_SEARCH_USER_PATHS = NO;
				CLANG_ANALYZER_NONNULL = YES;
				CLANG_ANALYZER_NUMBER_OBJECT_CONVERSION = YES_AGGRESSIVE;
				CLANG_CXX_LANGUAGE_STANDARD = "gnu++17";
				CLANG_CXX_LIBRARY = "libc++";
				CLANG_ENABLE_MODULES = YES;
				CLANG_ENABLE_OBJC_ARC = YES;
				CLANG_ENABLE_OBJC_WEAK = YES;
				CLANG_WARN_BLOCK_CAPTURE_AUTORELEASING = YES;
				CLANG_WARN_BOOL_CONVERSION = YES;
				CLANG_WARN_COMMA = YES;
				CLANG_WARN_CONSTANT_CONVERSION = YES;
				CLANG_WARN_DEPRECATED_OBJC_IMPLEMENTATIONS = YES;
				CLANG_WARN_DIRECT_OBJC_ISA_USAGE = YES_ERROR;
				CLANG_WARN_DOCUMENTATION_COMMENTS = YES;
				CLANG_WARN_EMPTY_BODY = YES;
				CLANG_WARN_ENUM_CONVERSION = YES;
				CLANG_WARN_INFINITE_RECURSION = YES;
				CLANG_WARN_INT_CONVERSION = YES;
				CLANG_WARN_NON_LITERAL_NULL_CONVERSION = YES;
				CLANG_WARN_OBJC_IMPLICIT_RETAIN_SELF = YES;
				CLANG_WARN_OBJC_LITERAL_CONVERSION = YES;
				CLANG_WARN_OBJC_ROOT_CLASS = YES_ERROR;
				CLANG_WARN_QUOTED_INCLUDE_IN_FRAMEWORK_HEADER = YES;
				CLANG_WARN_RANGE_LOOP_ANALYSIS = YES;
				CLANG_WARN_STRICT_PROTOTYPES = YES;
				CLANG_WARN_SUSPICIOUS_MOVE = YES;
				CLANG_WARN_UNGUARDED_AVAILABILITY = YES_AGGRESSIVE;
				CLANG_WARN_UNREACHABLE_CODE = YES;
				CLANG_WARN__DUPLICATE_METHOD_MATCH = YES;
				COPY_PHASE_STRIP = NO;
				DEBUG_INFORMATION_FORMAT = "dwarf-with-dsym";
				ENABLE_NS_ASSERTIONS = NO;
				ENABLE_STRICT_OBJC_MSGSEND = YES;
				GCC_C_LANGUAGE_STANDARD = gnu11;
				GCC_NO_COMMON_BLOCKS = YES;
				GCC_WARN_64_TO_32_BIT_CONVERSION = YES;
				GCC_WARN_ABOUT_RETURN_TYPE = YES_ERROR;
				GCC_WARN_UNDECLARED_SELECTOR = YES;
				GCC_WARN_UNINITIALIZED_AUTOS = YES_AGGRESSIVE;
				GCC_WARN_UNUSED_FUNCTION = YES;
				GCC_WARN_UNUSED_VARIABLE = YES;
				IPHONEOS_DEPLOYMENT_TARGET = 15.2;
				MTL_ENABLE_DEBUG_INFO = NO;
				MTL_FAST_MATH = YES;
				SDKROOT = iphoneos;
				SWIFT_COMPILATION_MODE = wholemodule;
				SWIFT_OPTIMIZATION_LEVEL = "-O";
				VALIDATE_PRODUCT = YES;
			};
			name = Release;
		};
		83AAB533278CCC5100232E0C /* Debug */ = {
			isa = XCBuildConfiguration;
			buildSettings = {
				ASSETCATALOG_COMPILER_APPICON_NAME = AppIcon;
				ASSETCATALOG_COMPILER_GLOBAL_ACCENT_COLOR_NAME = AccentColor;
				CODE_SIGN_STYLE = Automatic;
				CURRENT_PROJECT_VERSION = 1;
				DEVELOPMENT_TEAM = X4JU86BB9U;
				GENERATE_INFOPLIST_FILE = YES;
				INFOPLIST_FILE = Contacts/Info.plist;
				INFOPLIST_KEY_UIApplicationSupportsIndirectInputEvents = YES;
				INFOPLIST_KEY_UILaunchStoryboardName = LaunchScreen;
				INFOPLIST_KEY_UIMainStoryboardFile = Main;
				INFOPLIST_KEY_UISupportedInterfaceOrientations_iPad = "UIInterfaceOrientationPortrait UIInterfaceOrientationPortraitUpsideDown UIInterfaceOrientationLandscapeLeft UIInterfaceOrientationLandscapeRight";
				INFOPLIST_KEY_UISupportedInterfaceOrientations_iPhone = "UIInterfaceOrientationPortrait UIInterfaceOrientationLandscapeLeft UIInterfaceOrientationLandscapeRight";
				LD_RUNPATH_SEARCH_PATHS = (
					"$(inherited)",
					"@executable_path/Frameworks",
				);
				MARKETING_VERSION = 1.0;
				PRODUCT_BUNDLE_IDENTIFIER = ryan.anderson.Contacts;
				PRODUCT_NAME = "$(TARGET_NAME)";
				SWIFT_EMIT_LOC_STRINGS = YES;
				SWIFT_VERSION = 5.0;
				TARGETED_DEVICE_FAMILY = "1,2";
			};
			name = Debug;
		};
		83AAB534278CCC5100232E0C /* Release */ = {
			isa = XCBuildConfiguration;
			buildSettings = {
				ASSETCATALOG_COMPILER_APPICON_NAME = AppIcon;
				ASSETCATALOG_COMPILER_GLOBAL_ACCENT_COLOR_NAME = AccentColor;
				CODE_SIGN_STYLE = Automatic;
				CURRENT_PROJECT_VERSION = 1;
				DEVELOPMENT_TEAM = X4JU86BB9U;
				GENERATE_INFOPLIST_FILE = YES;
				INFOPLIST_FILE = Contacts/Info.plist;
				INFOPLIST_KEY_UIApplicationSupportsIndirectInputEvents = YES;
				INFOPLIST_KEY_UILaunchStoryboardName = LaunchScreen;
				INFOPLIST_KEY_UIMainStoryboardFile = Main;
				INFOPLIST_KEY_UISupportedInterfaceOrientations_iPad = "UIInterfaceOrientationPortrait UIInterfaceOrientationPortraitUpsideDown UIInterfaceOrientationLandscapeLeft UIInterfaceOrientationLandscapeRight";
				INFOPLIST_KEY_UISupportedInterfaceOrientations_iPhone = "UIInterfaceOrientationPortrait UIInterfaceOrientationLandscapeLeft UIInterfaceOrientationLandscapeRight";
				LD_RUNPATH_SEARCH_PATHS = (
					"$(inherited)",
					"@executable_path/Frameworks",
				);
				MARKETING_VERSION = 1.0;
				PRODUCT_BUNDLE_IDENTIFIER = ryan.anderson.Contacts;
				PRODUCT_NAME = "$(TARGET_NAME)";
				SWIFT_EMIT_LOC_STRINGS = YES;
				SWIFT_VERSION = 5.0;
				TARGETED_DEVICE_FAMILY = "1,2";
			};
			name = Release;
		};
/* End XCBuildConfiguration section */

/* Begin XCConfigurationList section */
		83AAB519278CCC5000232E0C /* Build configuration list for PBXProject "Contacts" */ = {
			isa = XCConfigurationList;
			buildConfigurations = (
				83AAB530278CCC5100232E0C /* Debug */,
				83AAB531278CCC5100232E0C /* Release */,
			);
			defaultConfigurationIsVisible = 0;
			defaultConfigurationName = Release;
		};
		83AAB532278CCC5100232E0C /* Build configuration list for PBXNativeTarget "Contacts" */ = {
			isa = XCConfigurationList;
			buildConfigurations = (
				83AAB533278CCC5100232E0C /* Debug */,
				83AAB534278CCC5100232E0C /* Release */,
			);
			defaultConfigurationIsVisible = 0;
			defaultConfigurationName = Release;
		};
/* End XCConfigurationList section */
	};
	rootObject = 83AAB516278CCC5000232E0C /* Project object */;
}
